// !$*UTF8*$!
{
	archiveVersion = 1;
	classes = {
	};
	objectVersion = 46;
	objects = {

/* Begin PBXBuildFile section */
		531AB95A1C47B294008DE0E7 /* main.cpp in Sources */ = {isa = PBXBuildFile; fileRef = 531AB9591C47B294008DE0E7 /* main.cpp */; };
		531AB9651C47BE56008DE0E7 /* imageprocess.cpp in Sources */ = {isa = PBXBuildFile; fileRef = 531AB9631C47BE56008DE0E7 /* imageprocess.cpp */; settings = {ASSET_TAGS = (); }; };
		5395E0721C47F76400563BBB /* libopencv_core.3.1.0.dylib in Frameworks */ = {isa = PBXBuildFile; fileRef = 5395E0711C47F76400563BBB /* libopencv_core.3.1.0.dylib */; settings = {ASSET_TAGS = (); }; };
		5395E0741C47F78C00563BBB /* libopencv_ml.3.1.0.dylib in Frameworks */ = {isa = PBXBuildFile; fileRef = 5395E0731C47F78C00563BBB /* libopencv_ml.3.1.0.dylib */; settings = {ASSET_TAGS = (); }; };
		5395E0761C47F7A800563BBB /* libopencv_video.3.1.0.dylib in Frameworks */ = {isa = PBXBuildFile; fileRef = 5395E0751C47F7A800563BBB /* libopencv_video.3.1.0.dylib */; settings = {ASSET_TAGS = (); }; };
		5395E0781C47F80800563BBB /* libopencv_imgcodecs.3.1.0.dylib in Frameworks */ = {isa = PBXBuildFile; fileRef = 5395E0771C47F80800563BBB /* libopencv_imgcodecs.3.1.0.dylib */; settings = {ASSET_TAGS = (); }; };
		5395E07B1C48B8BC00563BBB /* libopencv_highgui.3.1.0.dylib in Frameworks */ = {isa = PBXBuildFile; fileRef = 5395E07A1C48B8BC00563BBB /* libopencv_highgui.3.1.0.dylib */; settings = {ASSET_TAGS = (); }; };
		5395E0831C492B9700563BBB /* mapbuilder.cpp in Sources */ = {isa = PBXBuildFile; fileRef = 5395E0811C492B9700563BBB /* mapbuilder.cpp */; settings = {ASSET_TAGS = (); }; };
/* End PBXBuildFile section */

/* Begin PBXCopyFilesBuildPhase section */
		531AB9541C47B294008DE0E7 /* CopyFiles */ = {
			isa = PBXCopyFilesBuildPhase;
			buildActionMask = 2147483647;
			dstPath = /usr/share/man/man1/;
			dstSubfolderSpec = 0;
			files = (
			);
			runOnlyForDeploymentPostprocessing = 1;
		};
/* End PBXCopyFilesBuildPhase section */

/* Begin PBXFileReference section */
		531AB9561C47B294008DE0E7 /* wh61Planning */ = {isa = PBXFileReference; explicitFileType = "compiled.mach-o.executable"; includeInIndex = 0; path = wh61Planning; sourceTree = BUILT_PRODUCTS_DIR; };
		531AB9591C47B294008DE0E7 /* main.cpp */ = {isa = PBXFileReference; lastKnownFileType = sourcecode.cpp.cpp; path = main.cpp; sourceTree = "<group>"; };
		531AB9631C47BE56008DE0E7 /* imageprocess.cpp */ = {isa = PBXFileReference; fileEncoding = 4; lastKnownFileType = sourcecode.cpp.cpp; path = imageprocess.cpp; sourceTree = "<group>"; };
		531AB9641C47BE56008DE0E7 /* imageprocess.hpp */ = {isa = PBXFileReference; fileEncoding = 4; lastKnownFileType = sourcecode.cpp.h; path = imageprocess.hpp; sourceTree = "<group>"; };
		5395E0711C47F76400563BBB /* libopencv_core.3.1.0.dylib */ = {isa = PBXFileReference; lastKnownFileType = "compiled.mach-o.dylib"; name = libopencv_core.3.1.0.dylib; path = ../../../../usr/local/lib/libopencv_core.3.1.0.dylib; sourceTree = "<group>"; };
		5395E0731C47F78C00563BBB /* libopencv_ml.3.1.0.dylib */ = {isa = PBXFileReference; lastKnownFileType = "compiled.mach-o.dylib"; name = libopencv_ml.3.1.0.dylib; path = ../../../../usr/local/lib/libopencv_ml.3.1.0.dylib; sourceTree = "<group>"; };
		5395E0751C47F7A800563BBB /* libopencv_video.3.1.0.dylib */ = {isa = PBXFileReference; lastKnownFileType = "compiled.mach-o.dylib"; name = libopencv_video.3.1.0.dylib; path = ../../../../usr/local/lib/libopencv_video.3.1.0.dylib; sourceTree = "<group>"; };
		5395E0771C47F80800563BBB /* libopencv_imgcodecs.3.1.0.dylib */ = {isa = PBXFileReference; lastKnownFileType = "compiled.mach-o.dylib"; name = libopencv_imgcodecs.3.1.0.dylib; path = ../../../../usr/local/lib/libopencv_imgcodecs.3.1.0.dylib; sourceTree = "<group>"; };
		5395E07A1C48B8BC00563BBB /* libopencv_highgui.3.1.0.dylib */ = {isa = PBXFileReference; lastKnownFileType = "compiled.mach-o.dylib"; name = libopencv_highgui.3.1.0.dylib; path = ../../../../usr/local/lib/libopencv_highgui.3.1.0.dylib; sourceTree = "<group>"; };
		5395E0811C492B9700563BBB /* mapbuilder.cpp */ = {isa = PBXFileReference; fileEncoding = 4; lastKnownFileType = sourcecode.cpp.cpp; path = mapbuilder.cpp; sourceTree = "<group>"; };
		5395E0821C492B9700563BBB /* mapbuilder.hpp */ = {isa = PBXFileReference; fileEncoding = 4; lastKnownFileType = sourcecode.cpp.h; path = mapbuilder.hpp; sourceTree = "<group>"; };
		5395E0841C492BA000563BBB /* datastructs.h */ = {isa = PBXFileReference; fileEncoding = 4; lastKnownFileType = sourcecode.c.h; path = datastructs.h; sourceTree = "<group>"; };
/* End PBXFileReference section */

/* Begin PBXFrameworksBuildPhase section */
		531AB9531C47B294008DE0E7 /* Frameworks */ = {
			isa = PBXFrameworksBuildPhase;
			buildActionMask = 2147483647;
			files = (
				5395E07B1C48B8BC00563BBB /* libopencv_highgui.3.1.0.dylib in Frameworks */,
				5395E0741C47F78C00563BBB /* libopencv_ml.3.1.0.dylib in Frameworks */,
				5395E0761C47F7A800563BBB /* libopencv_video.3.1.0.dylib in Frameworks */,
				5395E0781C47F80800563BBB /* libopencv_imgcodecs.3.1.0.dylib in Frameworks */,
				5395E0721C47F76400563BBB /* libopencv_core.3.1.0.dylib in Frameworks */,
			);
			runOnlyForDeploymentPostprocessing = 0;
		};
/* End PBXFrameworksBuildPhase section */

/* Begin PBXGroup section */
		531AB94D1C47B294008DE0E7 = {
			isa = PBXGroup;
			children = (
				5395E07A1C48B8BC00563BBB /* libopencv_highgui.3.1.0.dylib */,
				5395E0771C47F80800563BBB /* libopencv_imgcodecs.3.1.0.dylib */,
				5395E0751C47F7A800563BBB /* libopencv_video.3.1.0.dylib */,
				5395E0731C47F78C00563BBB /* libopencv_ml.3.1.0.dylib */,
				5395E0711C47F76400563BBB /* libopencv_core.3.1.0.dylib */,
				531AB9581C47B294008DE0E7 /* wh61Planning */,
				531AB9571C47B294008DE0E7 /* Products */,
			);
			sourceTree = "<group>";
		};
		531AB9571C47B294008DE0E7 /* Products */ = {
			isa = PBXGroup;
			children = (
				531AB9561C47B294008DE0E7 /* wh61Planning */,
			);
			name = Products;
			sourceTree = "<group>";
		};
		531AB9581C47B294008DE0E7 /* wh61Planning */ = {
			isa = PBXGroup;
			children = (
				531AB9591C47B294008DE0E7 /* main.cpp */,
				5395E0841C492BA000563BBB /* datastructs.h */,
				5395E0811C492B9700563BBB /* mapbuilder.cpp */,
				5395E0821C492B9700563BBB /* mapbuilder.hpp */,
				531AB9631C47BE56008DE0E7 /* imageprocess.cpp */,
				531AB9641C47BE56008DE0E7 /* imageprocess.hpp */,
			);
			path = wh61Planning;
			sourceTree = "<group>";
		};
/* End PBXGroup section */

/* Begin PBXNativeTarget section */
		531AB9551C47B294008DE0E7 /* wh61Planning */ = {
			isa = PBXNativeTarget;
			buildConfigurationList = 531AB95D1C47B294008DE0E7 /* Build configuration list for PBXNativeTarget "wh61Planning" */;
			buildPhases = (
				531AB9521C47B294008DE0E7 /* Sources */,
				531AB9531C47B294008DE0E7 /* Frameworks */,
				531AB9541C47B294008DE0E7 /* CopyFiles */,
			);
			buildRules = (
			);
			dependencies = (
			);
			name = wh61Planning;
			productName = wh61Planning;
			productReference = 531AB9561C47B294008DE0E7 /* wh61Planning */;
			productType = "com.apple.product-type.tool";
		};
/* End PBXNativeTarget section */

/* Begin PBXProject section */
		531AB94E1C47B294008DE0E7 /* Project object */ = {
			isa = PBXProject;
			attributes = {
				LastUpgradeCheck = 0700;
				ORGANIZATIONNAME = "Wu Hong";
				TargetAttributes = {
					531AB9551C47B294008DE0E7 = {
						CreatedOnToolsVersion = 7.0.1;
					};
				};
			};
			buildConfigurationList = 531AB9511C47B294008DE0E7 /* Build configuration list for PBXProject "wh61Planning" */;
			compatibilityVersion = "Xcode 3.2";
			developmentRegion = English;
			hasScannedForEncodings = 0;
			knownRegions = (
				en,
			);
			mainGroup = 531AB94D1C47B294008DE0E7;
			productRefGroup = 531AB9571C47B294008DE0E7 /* Products */;
			projectDirPath = "";
			projectRoot = "";
			targets = (
				531AB9551C47B294008DE0E7 /* wh61Planning */,
			);
		};
/* End PBXProject section */

/* Begin PBXSourcesBuildPhase section */
		531AB9521C47B294008DE0E7 /* Sources */ = {
			isa = PBXSourcesBuildPhase;
			buildActionMask = 2147483647;
			files = (
				531AB95A1C47B294008DE0E7 /* main.cpp in Sources */,
				5395E0831C492B9700563BBB /* mapbuilder.cpp in Sources */,
				531AB9651C47BE56008DE0E7 /* imageprocess.cpp in Sources */,
			);
			runOnlyForDeploymentPostprocessing = 0;
		};
/* End PBXSourcesBuildPhase section */

/* Begin XCBuildConfiguration section */
		531AB95B1C47B294008DE0E7 /* Debug */ = {
			isa = XCBuildConfiguration;
			buildSettings = {
				ALWAYS_SEARCH_USER_PATHS = NO;
				CLANG_CXX_LANGUAGE_STANDARD = "gnu++0x";
				CLANG_CXX_LIBRARY = "libc++";
				CLANG_ENABLE_MODULES = YES;
				CLANG_ENABLE_OBJC_ARC = YES;
				CLANG_WARN_BOOL_CONVERSION = YES;
				CLANG_WARN_CONSTANT_CONVERSION = YES;
				CLANG_WARN_DIRECT_OBJC_ISA_USAGE = YES_ERROR;
				CLANG_WARN_EMPTY_BODY = YES;
				CLANG_WARN_ENUM_CONVERSION = YES;
				CLANG_WARN_INT_CONVERSION = YES;
				CLANG_WARN_OBJC_ROOT_CLASS = YES_ERROR;
				CLANG_WARN_UNREACHABLE_CODE = YES;
				CLANG_WARN__DUPLICATE_METHOD_MATCH = YES;
				COPY_PHASE_STRIP = NO;
				DEBUG_INFORMATION_FORMAT = dwarf;
				ENABLE_STRICT_OBJC_MSGSEND = YES;
				ENABLE_TESTABILITY = YES;
				GCC_C_LANGUAGE_STANDARD = gnu99;
				GCC_DYNAMIC_NO_PIC = NO;
				GCC_NO_COMMON_BLOCKS = YES;
				GCC_OPTIMIZATION_LEVEL = 0;
				GCC_PREPROCESSOR_DEFINITIONS = (
					"DEBUG=1",
					"$(inherited)",
				);
				GCC_WARN_64_TO_32_BIT_CONVERSION = YES;
				GCC_WARN_ABOUT_RETURN_TYPE = YES_ERROR;
				GCC_WARN_UNDECLARED_SELECTOR = YES;
				GCC_WARN_UNINITIALIZED_AUTOS = YES_AGGRESSIVE;
				GCC_WARN_UNUSED_FUNCTION = YES;
				GCC_WARN_UNUSED_VARIABLE = YES;
				MACOSX_DEPLOYMENT_TARGET = 10.10;
				MTL_ENABLE_DEBUG_INFO = YES;
				ONLY_ACTIVE_ARCH = YES;
				SDKROOT = macosx;
			};
			name = Debug;
		};
		531AB95C1C47B294008DE0E7 /* Release */ = {
			isa = XCBuildConfiguration;
			buildSettings = {
				ALWAYS_SEARCH_USER_PATHS = NO;
				CLANG_CXX_LANGUAGE_STANDARD = "gnu++0x";
				CLANG_CXX_LIBRARY = "libc++";
				CLANG_ENABLE_MODULES = YES;
				CLANG_ENABLE_OBJC_ARC = YES;
				CLANG_WARN_BOOL_CONVERSION = YES;
				CLANG_WARN_CONSTANT_CONVERSION = YES;
				CLANG_WARN_DIRECT_OBJC_ISA_USAGE = YES_ERROR;
				CLANG_WARN_EMPTY_BODY = YES;
				CLANG_WARN_ENUM_CONVERSION = YES;
				CLANG_WARN_INT_CONVERSION = YES;
				CLANG_WARN_OBJC_ROOT_CLASS = YES_ERROR;
				CLANG_WARN_UNREACHABLE_CODE = YES;
				CLANG_WARN__DUPLICATE_METHOD_MATCH = YES;
				COPY_PHASE_STRIP = NO;
				DEBUG_INFORMATION_FORMAT = "dwarf-with-dsym";
				ENABLE_NS_ASSERTIONS = NO;
				ENABLE_STRICT_OBJC_MSGSEND = YES;
				GCC_C_LANGUAGE_STANDARD = gnu99;
				GCC_NO_COMMON_BLOCKS = YES;
				GCC_WARN_64_TO_32_BIT_CONVERSION = YES;
				GCC_WARN_ABOUT_RETURN_TYPE = YES_ERROR;
				GCC_WARN_UNDECLARED_SELECTOR = YES;
				GCC_WARN_UNINITIALIZED_AUTOS = YES_AGGRESSIVE;
				GCC_WARN_UNUSED_FUNCTION = YES;
				GCC_WARN_UNUSED_VARIABLE = YES;
				MACOSX_DEPLOYMENT_TARGET = 10.10;
				MTL_ENABLE_DEBUG_INFO = NO;
				SDKROOT = macosx;
			};
			name = Release;
		};
		531AB95E1C47B294008DE0E7 /* Debug */ = {
			isa = XCBuildConfiguration;
			buildSettings = {
				ALWAYS_SEARCH_USER_PATHS = NO;
				ARCHS = "$(ARCHS_STANDARD)";
				CLANG_CXX_LANGUAGE_STANDARD = "c++0x";
				CLANG_CXX_LIBRARY = "libc++";
				HEADER_SEARCH_PATHS = (
					/usr/local/include,
					/usr/local/include/opencv,
				);
				LIBRARY_SEARCH_PATHS = /usr/local/lib;
				PRODUCT_NAME = "$(TARGET_NAME)";
			};
			name = Debug;
		};
		531AB95F1C47B294008DE0E7 /* Release */ = {
			isa = XCBuildConfiguration;
			buildSettings = {
				ALWAYS_SEARCH_USER_PATHS = NO;
				ARCHS = "$(ARCHS_STANDARD)";
				CLANG_CXX_LANGUAGE_STANDARD = "c++0x";
				CLANG_CXX_LIBRARY = "libc++";
				HEADER_SEARCH_PATHS = (
					/usr/local/include,
					/usr/local/include/opencv,
				);
				LIBRARY_SEARCH_PATHS = /usr/local/lib;
				PRODUCT_NAME = "$(TARGET_NAME)";
			};
			name = Release;
		};
/* End XCBuildConfiguration section */

/* Begin XCConfigurationList section */
		531AB9511C47B294008DE0E7 /* Build configuration list for PBXProject "wh61Planning" */ = {
			isa = XCConfigurationList;
			buildConfigurations = (
				531AB95B1C47B294008DE0E7 /* Debug */,
				531AB95C1C47B294008DE0E7 /* Release */,
			);
			defaultConfigurationIsVisible = 0;
			defaultConfigurationName = Release;
		};
		531AB95D1C47B294008DE0E7 /* Build configuration list for PBXNativeTarget "wh61Planning" */ = {
			isa = XCConfigurationList;
			buildConfigurations = (
				531AB95E1C47B294008DE0E7 /* Debug */,
				531AB95F1C47B294008DE0E7 /* Release */,
			);
			defaultConfigurationIsVisible = 0;
			defaultConfigurationName = Release;
		};
/* End XCConfigurationList section */
	};
	rootObject = 531AB94E1C47B294008DE0E7 /* Project object */;
}
